{
  "name": "connect24-sample-order-notifications",
  "lockfileVersion": 3,
  "requires": true,
  "packages": {
    "": {
      "name": "connect24-sample-order-notifications",
      "dependencies": {
        "@connect24/sdk": "file:../.."
      }
    },
    "../..": {
      "name": "@connect24/sdk",
      "version": "0.1.0",
      "license": "MIT",
      "devDependencies": {
        "@types/node": "^22.14.0",
        "typescript": "^5.8.2"
      },
      "engines": {
        "node": ">=18"
      }
    },
    "node_modules/@connect24/sdk": {
      "resolved": "../..",
      "link": true
    }
  }
}
